{
  "name": "tree-sitter-purescript",
  "version": "0.2.0",
  "lockfileVersion": 3,
  "requires": true,
  "packages": {
    "": {
      "name": "tree-sitter-purescript",
      "version": "0.2.0",
      "license": "MIT",
      "dependencies": {
        "nan": "^2.22.0"
      },
      "devDependencies": {
        "tree-sitter-cli": "^0.24.3"
      }
    },
    "node_modules/nan": {
      "version": "2.22.0",
      "resolved": "https://registry.npmjs.org/nan/-/nan-2.22.0.tgz",
      "integrity": "sha512-nbajikzWTMwsW+eSsNm3QwlOs7het9gGJU5dDZzRTQGk03vyBOauxgI4VakDzE0PtsGTmXPsXTbbjVhRwR5mpw=="
    },
    "node_modules/tree-sitter-cli": {
      "version": "0.24.3",
      "resolved": "https://registry.npmjs.org/tree-sitter-cli/-/tree-sitter-cli-0.24.3.tgz",
      "integrity": "sha512-5vS0SiJf31tMTn9CYLsu5l18qXaw5MLFka3cuGxOB5f4TtgoUSK1Sog6rKmqBc7PvFJq37YcQBjj9giNy2cJPw==",
      "dev": true,
      "hasInstallScript": true,
      "bin": {
        "tree-sitter": "cli.js"
      },
      "engines": {
        "node": ">=12.0.0"
      }
    }
  }
}
